// !$*UTF8*$!
{
	archiveVersion = 1;
	classes = {
	};
	objectVersion = 55;
	objects = {

/* Begin PBXBuildFile section */
		661ABBF127BFB90500F0CF83 /* AppDelegate.swift in Sources */ = {isa = PBXBuildFile; fileRef = 661ABBF027BFB90500F0CF83 /* AppDelegate.swift */; };
		661ABBF327BFB90500F0CF83 /* SceneDelegate.swift in Sources */ = {isa = PBXBuildFile; fileRef = 661ABBF227BFB90500F0CF83 /* SceneDelegate.swift */; };
		661ABBF527BFB90500F0CF83 /* DinoViewController.swift in Sources */ = {isa = PBXBuildFile; fileRef = 661ABBF427BFB90500F0CF83 /* DinoViewController.swift */; };
		661ABBF827BFB90500F0CF83 /* Main.storyboard in Resources */ = {isa = PBXBuildFile; fileRef = 661ABBF627BFB90500F0CF83 /* Main.storyboard */; };
		661ABBFA27BFB90700F0CF83 /* Assets.xcassets in Resources */ = {isa = PBXBuildFile; fileRef = 661ABBF927BFB90700F0CF83 /* Assets.xcassets */; };
		661ABBFD27BFB90700F0CF83 /* LaunchScreen.storyboard in Resources */ = {isa = PBXBuildFile; fileRef = 661ABBFB27BFB90700F0CF83 /* LaunchScreen.storyboard */; };
		66260C3527C21B6000D5163D /* DinoTableViewCell.swift in Sources */ = {isa = PBXBuildFile; fileRef = 66260C3427C21B6000D5163D /* DinoTableViewCell.swift */; };
		66260C3927C21C0D00D5163D /* DinoCollectionViewCell.swift in Sources */ = {isa = PBXBuildFile; fileRef = 66260C3827C21C0D00D5163D /* DinoCollectionViewCell.swift */; };
		66260C3C27C21DEE00D5163D /* UPCarouselFlowLayout.swift in Sources */ = {isa = PBXBuildFile; fileRef = 66260C3B27C21DEE00D5163D /* UPCarouselFlowLayout.swift */; };
/* End PBXBuildFile section */

/* Begin PBXFileReference section */
		661ABBED27BFB90500F0CF83 /* DinoIndexing.app */ = {isa = PBXFileReference; explicitFileType = wrapper.application; includeInIndex = 0; path = DinoIndexing.app; sourceTree = BUILT_PRODUCTS_DIR; };
		661ABBF027BFB90500F0CF83 /* AppDelegate.swift */ = {isa = PBXFileReference; lastKnownFileType = sourcecode.swift; path = AppDelegate.swift; sourceTree = "<group>"; };
		661ABBF227BFB90500F0CF83 /* SceneDelegate.swift */ = {isa = PBXFileReference; lastKnownFileType = sourcecode.swift; path = SceneDelegate.swift; sourceTree = "<group>"; };
		661ABBF427BFB90500F0CF83 /* DinoViewController.swift */ = {isa = PBXFileReference; lastKnownFileType = sourcecode.swift; path = DinoViewController.swift; sourceTree = "<group>"; };
		661ABBF727BFB90500F0CF83 /* Base */ = {isa = PBXFileReference; lastKnownFileType = file.storyboard; name = Base; path = Base.lproj/Main.storyboard; sourceTree = "<group>"; };
		661ABBF927BFB90700F0CF83 /* Assets.xcassets */ = {isa = PBXFileReference; lastKnownFileType = folder.assetcatalog; path = Assets.xcassets; sourceTree = "<group>"; };
		661ABBFC27BFB90700F0CF83 /* Base */ = {isa = PBXFileReference; lastKnownFileType = file.storyboard; name = Base; path = Base.lproj/LaunchScreen.storyboard; sourceTree = "<group>"; };
		661ABBFE27BFB90700F0CF83 /* Info.plist */ = {isa = PBXFileReference; lastKnownFileType = text.plist.xml; path = Info.plist; sourceTree = "<group>"; };
		66260C3427C21B6000D5163D /* DinoTableViewCell.swift */ = {isa = PBXFileReference; lastKnownFileType = sourcecode.swift; path = DinoTableViewCell.swift; sourceTree = "<group>"; };
		66260C3827C21C0D00D5163D /* DinoCollectionViewCell.swift */ = {isa = PBXFileReference; lastKnownFileType = sourcecode.swift; path = DinoCollectionViewCell.swift; sourceTree = "<group>"; };
		66260C3B27C21DEE00D5163D /* UPCarouselFlowLayout.swift */ = {isa = PBXFileReference; fileEncoding = 4; lastKnownFileType = sourcecode.swift; path = UPCarouselFlowLayout.swift; sourceTree = "<group>"; };
/* End PBXFileReference section */

/* Begin PBXFrameworksBuildPhase section */
		661ABBEA27BFB90500F0CF83 /* Frameworks */ = {
			isa = PBXFrameworksBuildPhase;
			buildActionMask = 2147483647;
			files = (
			);
			runOnlyForDeploymentPostprocessing = 0;
		};
/* End PBXFrameworksBuildPhase section */

/* Begin PBXGroup section */
		661ABBE427BFB90500F0CF83 = {
			isa = PBXGroup;
			children = (
				661ABBEF27BFB90500F0CF83 /* DinoIndexing */,
				661ABBEE27BFB90500F0CF83 /* Products */,
			);
			sourceTree = "<group>";
		};
		661ABBEE27BFB90500F0CF83 /* Products */ = {
			isa = PBXGroup;
			children = (
				661ABBED27BFB90500F0CF83 /* DinoIndexing.app */,
			);
			name = Products;
			sourceTree = "<group>";
		};
		661ABBEF27BFB90500F0CF83 /* DinoIndexing */ = {
			isa = PBXGroup;
			children = (
				661ABBF027BFB90500F0CF83 /* AppDelegate.swift */,
				661ABBF227BFB90500F0CF83 /* SceneDelegate.swift */,
				66260C3627C21BD200D5163D /* View Controllers */,
				66260C3727C21BE000D5163D /* Cells */,
				66260C3A27C21DD700D5163D /* Extra */,
				661ABBF627BFB90500F0CF83 /* Main.storyboard */,
				661ABBF927BFB90700F0CF83 /* Assets.xcassets */,
				661ABBFB27BFB90700F0CF83 /* LaunchScreen.storyboard */,
				661ABBFE27BFB90700F0CF83 /* Info.plist */,
			);
			path = DinoIndexing;
			sourceTree = "<group>";
		};
		66260C3627C21BD200D5163D /* View Controllers */ = {
			isa = PBXGroup;
			children = (
				661ABBF427BFB90500F0CF83 /* DinoViewController.swift */,
			);
			path = "View Controllers";
			sourceTree = "<group>";
		};
		66260C3727C21BE000D5163D /* Cells */ = {
			isa = PBXGroup;
			children = (
				66260C3427C21B6000D5163D /* DinoTableViewCell.swift */,
				66260C3827C21C0D00D5163D /* DinoCollectionViewCell.swift */,
			);
			path = Cells;
			sourceTree = "<group>";
		};
		66260C3A27C21DD700D5163D /* Extra */ = {
			isa = PBXGroup;
			children = (
				66260C3B27C21DEE00D5163D /* UPCarouselFlowLayout.swift */,
			);
			path = Extra;
			sourceTree = "<group>";
		};
/* End PBXGroup section */

/* Begin PBXNativeTarget section */
		661ABBEC27BFB90500F0CF83 /* DinoIndexing */ = {
			isa = PBXNativeTarget;
			buildConfigurationList = 661ABC0127BFB90700F0CF83 /* Build configuration list for PBXNativeTarget "DinoIndexing" */;
			buildPhases = (
				661ABBE927BFB90500F0CF83 /* Sources */,
				661ABBEA27BFB90500F0CF83 /* Frameworks */,
				661ABBEB27BFB90500F0CF83 /* Resources */,
			);
			buildRules = (
			);
			dependencies = (
			);
			name = DinoIndexing;
			productName = Task1;
			productReference = 661ABBED27BFB90500F0CF83 /* DinoIndexing.app */;
			productType = "com.apple.product-type.application";
		};
/* End PBXNativeTarget section */

/* Begin PBXProject section */
		661ABBE527BFB90500F0CF83 /* Project object */ = {
			isa = PBXProject;
			attributes = {
				BuildIndependentTargetsInParallel = 1;
				LastSwiftUpdateCheck = 1310;
				LastUpgradeCheck = 1310;
				TargetAttributes = {
					661ABBEC27BFB90500F0CF83 = {
						CreatedOnToolsVersion = 13.1;
					};
				};
			};
			buildConfigurationList = 661ABBE827BFB90500F0CF83 /* Build configuration list for PBXProject "DinoIndexing" */;
			compatibilityVersion = "Xcode 13.0";
			developmentRegion = en;
			hasScannedForEncodings = 0;
			knownRegions = (
				en,
				Base,
			);
			mainGroup = 661ABBE427BFB90500F0CF83;
			productRefGroup = 661ABBEE27BFB90500F0CF83 /* Products */;
			projectDirPath = "";
			projectRoot = "";
			targets = (
				661ABBEC27BFB90500F0CF83 /* DinoIndexing */,
			);
		};
/* End PBXProject section */

/* Begin PBXResourcesBuildPhase section */
		661ABBEB27BFB90500F0CF83 /* Resources */ = {
			isa = PBXResourcesBuildPhase;
			buildActionMask = 2147483647;
			files = (
				661ABBFD27BFB90700F0CF83 /* LaunchScreen.storyboard in Resources */,
				661ABBFA27BFB90700F0CF83 /* Assets.xcassets in Resources */,
				661ABBF827BFB90500F0CF83 /* Main.storyboard in Resources */,
			);
			runOnlyForDeploymentPostprocessing = 0;
		};
/* End PBXResourcesBuildPhase section */

/* Begin PBXSourcesBuildPhase section */
		661ABBE927BFB90500F0CF83 /* Sources */ = {
			isa = PBXSourcesBuildPhase;
			buildActionMask = 2147483647;
			files = (
				661ABBF527BFB90500F0CF83 /* DinoViewController.swift in Sources */,
				661ABBF127BFB90500F0CF83 /* AppDelegate.swift in Sources */,
				66260C3C27C21DEE00D5163D /* UPCarouselFlowLayout.swift in Sources */,
				661ABBF327BFB90500F0CF83 /* SceneDelegate.swift in Sources */,
				66260C3527C21B6000D5163D /* DinoTableViewCell.swift in Sources */,
				66260C3927C21C0D00D5163D /* DinoCollectionViewCell.swift in Sources */,
			);
			runOnlyForDeploymentPostprocessing = 0;
		};
/* End PBXSourcesBuildPhase section */

/* Begin PBXVariantGroup section */
		661ABBF627BFB90500F0CF83 /* Main.storyboard */ = {
			isa = PBXVariantGroup;
			children = (
				661ABBF727BFB90500F0CF83 /* Base */,
			);
			name = Main.storyboard;
			sourceTree = "<group>";
		};
		661ABBFB27BFB90700F0CF83 /* LaunchScreen.storyboard */ = {
			isa = PBXVariantGroup;
			children = (
				661ABBFC27BFB90700F0CF83 /* Base */,
			);
			name = LaunchScreen.storyboard;
			sourceTree = "<group>";
		};
/* End PBXVariantGroup section */

/* Begin XCBuildConfiguration section */
		661ABBFF27BFB90700F0CF83 /* Debug */ = {
			isa = XCBuildConfiguration;
			buildSettings = {
				ALWAYS_SEARCH_USER_PATHS = NO;
				CLANG_ANALYZER_NONNULL = YES;
				CLANG_ANALYZER_NUMBER_OBJECT_CONVERSION = YES_AGGRESSIVE;
				CLANG_CXX_LANGUAGE_STANDARD = "gnu++17";
				CLANG_CXX_LIBRARY = "libc++";
				CLANG_ENABLE_MODULES = YES;
				CLANG_ENABLE_OBJC_ARC = YES;
				CLANG_ENABLE_OBJC_WEAK = YES;
				CLANG_WARN_BLOCK_CAPTURE_AUTORELEASING = YES;
				CLANG_WARN_BOOL_CONVERSION = YES;
				CLANG_WARN_COMMA = YES;
				CLANG_WARN_CONSTANT_CONVERSION = YES;
				CLANG_WARN_DEPRECATED_OBJC_IMPLEMENTATIONS = YES;
				CLANG_WARN_DIRECT_OBJC_ISA_USAGE = YES_ERROR;
				CLANG_WARN_DOCUMENTATION_COMMENTS = YES;
				CLANG_WARN_EMPTY_BODY = YES;
				CLANG_WARN_ENUM_CONVERSION = YES;
				CLANG_WARN_INFINITE_RECURSION = YES;
				CLANG_WARN_INT_CONVERSION = YES;
				CLANG_WARN_NON_LITERAL_NULL_CONVERSION = YES;
				CLANG_WARN_OBJC_IMPLICIT_RETAIN_SELF = YES;
				CLANG_WARN_OBJC_LITERAL_CONVERSION = YES;
				CLANG_WARN_OBJC_ROOT_CLASS = YES_ERROR;
				CLANG_WARN_QUOTED_INCLUDE_IN_FRAMEWORK_HEADER = YES;
				CLANG_WARN_RANGE_LOOP_ANALYSIS = YES;
				CLANG_WARN_STRICT_PROTOTYPES = YES;
				CLANG_WARN_SUSPICIOUS_MOVE = YES;
				CLANG_WARN_UNGUARDED_AVAILABILITY = YES_AGGRESSIVE;
				CLANG_WARN_UNREACHABLE_CODE = YES;
				CLANG_WARN__DUPLICATE_METHOD_MATCH = YES;
				COPY_PHASE_STRIP = NO;
				DEBUG_INFORMATION_FORMAT = dwarf;
				ENABLE_STRICT_OBJC_MSGSEND = YES;
				ENABLE_TESTABILITY = YES;
				GCC_C_LANGUAGE_STANDARD = gnu11;
				GCC_DYNAMIC_NO_PIC = NO;
				GCC_NO_COMMON_BLOCKS = YES;
				GCC_OPTIMIZATION_LEVEL = 0;
				GCC_PREPROCESSOR_DEFINITIONS = (
					"DEBUG=1",
					"$(inherited)",
				);
				GCC_WARN_64_TO_32_BIT_CONVERSION = YES;
				GCC_WARN_ABOUT_RETURN_TYPE = YES_ERROR;
				GCC_WARN_UNDECLARED_SELECTOR = YES;
				GCC_WARN_UNINITIALIZED_AUTOS = YES_AGGRESSIVE;
				GCC_WARN_UNUSED_FUNCTION = YES;
				GCC_WARN_UNUSED_VARIABLE = YES;
				IPHONEOS_DEPLOYMENT_TARGET = 15.0;
				MTL_ENABLE_DEBUG_INFO = INCLUDE_SOURCE;
				MTL_FAST_MATH = YES;
				ONLY_ACTIVE_ARCH = YES;
				SDKROOT = iphoneos;
				SWIFT_ACTIVE_COMPILATION_CONDITIONS = DEBUG;
				SWIFT_OPTIMIZATION_LEVEL = "-Onone";
			};
			name = Debug;
		};
		661ABC0027BFB90700F0CF83 /* Release */ = {
			isa = XCBuildConfiguration;
			buildSettings = {
				ALWAYS_SEARCH_USER_PATHS = NO;
				CLANG_ANALYZER_NONNULL = YES;
				CLANG_ANALYZER_NUMBER_OBJECT_CONVERSION = YES_AGGRESSIVE;
				CLANG_CXX_LANGUAGE_STANDARD = "gnu++17";
				CLANG_CXX_LIBRARY = "libc++";
				CLANG_ENABLE_MODULES = YES;
				CLANG_ENABLE_OBJC_ARC = YES;
				CLANG_ENABLE_OBJC_WEAK = YES;
				CLANG_WARN_BLOCK_CAPTURE_AUTORELEASING = YES;
				CLANG_WARN_BOOL_CONVERSION = YES;
				CLANG_WARN_COMMA = YES;
				CLANG_WARN_CONSTANT_CONVERSION = YES;
				CLANG_WARN_DEPRECATED_OBJC_IMPLEMENTATIONS = YES;
				CLANG_WARN_DIRECT_OBJC_ISA_USAGE = YES_ERROR;
				CLANG_WARN_DOCUMENTATION_COMMENTS = YES;
				CLANG_WARN_EMPTY_BODY = YES;
				CLANG_WARN_ENUM_CONVERSION = YES;
				CLANG_WARN_INFINITE_RECURSION = YES;
				CLANG_WARN_INT_CONVERSION = YES;
				CLANG_WARN_NON_LITERAL_NULL_CONVERSION = YES;
				CLANG_WARN_OBJC_IMPLICIT_RETAIN_SELF = YES;
				CLANG_WARN_OBJC_LITERAL_CONVERSION = YES;
				CLANG_WARN_OBJC_ROOT_CLASS = YES_ERROR;
				CLANG_WARN_QUOTED_INCLUDE_IN_FRAMEWORK_HEADER = YES;
				CLANG_WARN_RANGE_LOOP_ANALYSIS = YES;
				CLANG_WARN_STRICT_PROTOTYPES = YES;
				CLANG_WARN_SUSPICIOUS_MOVE = YES;
				CLANG_WARN_UNGUARDED_AVAILABILITY = YES_AGGRESSIVE;
				CLANG_WARN_UNREACHABLE_CODE = YES;
				CLANG_WARN__DUPLICATE_METHOD_MATCH = YES;
				COPY_PHASE_STRIP = NO;
				DEBUG_INFORMATION_FORMAT = "dwarf-with-dsym";
				ENABLE_NS_ASSERTIONS = NO;
				ENABLE_STRICT_OBJC_MSGSEND = YES;
				GCC_C_LANGUAGE_STANDARD = gnu11;
				GCC_NO_COMMON_BLOCKS = YES;
				GCC_WARN_64_TO_32_BIT_CONVERSION = YES;
				GCC_WARN_ABOUT_RETURN_TYPE = YES_ERROR;
				GCC_WARN_UNDECLARED_SELECTOR = YES;
				GCC_WARN_UNINITIALIZED_AUTOS = YES_AGGRESSIVE;
				GCC_WARN_UNUSED_FUNCTION = YES;
				GCC_WARN_UNUSED_VARIABLE = YES;
				IPHONEOS_DEPLOYMENT_TARGET = 15.0;
				MTL_ENABLE_DEBUG_INFO = NO;
				MTL_FAST_MATH = YES;
				SDKROOT = iphoneos;
				SWIFT_COMPILATION_MODE = wholemodule;
				SWIFT_OPTIMIZATION_LEVEL = "-O";
				VALIDATE_PRODUCT = YES;
			};
			name = Release;
		};
		661ABC0227BFB90700F0CF83 /* Debug */ = {
			isa = XCBuildConfiguration;
			buildSettings = {
				ASSETCATALOG_COMPILER_APPICON_NAME = AppIcon;
				ASSETCATALOG_COMPILER_GLOBAL_ACCENT_COLOR_NAME = AccentColor;
				CODE_SIGN_STYLE = Automatic;
				CURRENT_PROJECT_VERSION = 1;
				DEVELOPMENT_TEAM = 3YKHZ9Y77T;
				GENERATE_INFOPLIST_FILE = YES;
				INFOPLIST_FILE = DinoIndexing/Info.plist;
				INFOPLIST_KEY_CFBundleDisplayName = DinoIndexing;
				INFOPLIST_KEY_UIApplicationSupportsIndirectInputEvents = YES;
				INFOPLIST_KEY_UILaunchStoryboardName = LaunchScreen;
				INFOPLIST_KEY_UIMainStoryboardFile = Main;
				INFOPLIST_KEY_UISupportedInterfaceOrientations = UIInterfaceOrientationPortrait;
				INFOPLIST_KEY_UISupportedInterfaceOrientations_iPad = "UIInterfaceOrientationPortrait UIInterfaceOrientationPortraitUpsideDown UIInterfaceOrientationLandscapeLeft UIInterfaceOrientationLandscapeRight";
				INFOPLIST_KEY_UISupportedInterfaceOrientations_iPhone = "UIInterfaceOrientationPortrait UIInterfaceOrientationLandscapeLeft UIInterfaceOrientationLandscapeRight";
				LD_RUNPATH_SEARCH_PATHS = (
					"$(inherited)",
					"@executable_path/Frameworks",
				);
				MARKETING_VERSION = 1.0;
				PRODUCT_BUNDLE_IDENTIFIER = com.shwaitkumar.DinoIndexing;
				PRODUCT_NAME = "$(TARGET_NAME)";
				SWIFT_EMIT_LOC_STRINGS = YES;
				SWIFT_VERSION = 5.0;
				TARGETED_DEVICE_FAMILY = "1,2";
			};
			name = Debug;
		};
		661ABC0327BFB90700F0CF83 /* Release */ = {
			isa = XCBuildConfiguration;
			buildSettings = {
				ASSETCATALOG_COMPILER_APPICON_NAME = AppIcon;
				ASSETCATALOG_COMPILER_GLOBAL_ACCENT_COLOR_NAME = AccentColor;
				CODE_SIGN_STYLE = Automatic;
				CURRENT_PROJECT_VERSION = 1;
				DEVELOPMENT_TEAM = 3YKHZ9Y77T;
				GENERATE_INFOPLIST_FILE = YES;
				INFOPLIST_FILE = DinoIndexing/Info.plist;
				INFOPLIST_KEY_CFBundleDisplayName = DinoIndexing;
				INFOPLIST_KEY_UIApplicationSupportsIndirectInputEvents = YES;
				INFOPLIST_KEY_UILaunchStoryboardName = LaunchScreen;
				INFOPLIST_KEY_UIMainStoryboardFile = Main;
				INFOPLIST_KEY_UISupportedInterfaceOrientations = UIInterfaceOrientationPortrait;
				INFOPLIST_KEY_UISupportedInterfaceOrientations_iPad = "UIInterfaceOrientationPortrait UIInterfaceOrientationPortraitUpsideDown UIInterfaceOrientationLandscapeLeft UIInterfaceOrientationLandscapeRight";
				INFOPLIST_KEY_UISupportedInterfaceOrientations_iPhone = "UIInterfaceOrientationPortrait UIInterfaceOrientationLandscapeLeft UIInterfaceOrientationLandscapeRight";
				LD_RUNPATH_SEARCH_PATHS = (
					"$(inherited)",
					"@executable_path/Frameworks",
				);
				MARKETING_VERSION = 1.0;
				PRODUCT_BUNDLE_IDENTIFIER = com.shwaitkumar.DinoIndexing;
				PRODUCT_NAME = "$(TARGET_NAME)";
				SWIFT_EMIT_LOC_STRINGS = YES;
				SWIFT_VERSION = 5.0;
				TARGETED_DEVICE_FAMILY = "1,2";
			};
			name = Release;
		};
/* End XCBuildConfiguration section */

/* Begin XCConfigurationList section */
		661ABBE827BFB90500F0CF83 /* Build configuration list for PBXProject "DinoIndexing" */ = {
			isa = XCConfigurationList;
			buildConfigurations = (
				661ABBFF27BFB90700F0CF83 /* Debug */,
				661ABC0027BFB90700F0CF83 /* Release */,
			);
			defaultConfigurationIsVisible = 0;
			defaultConfigurationName = Release;
		};
		661ABC0127BFB90700F0CF83 /* Build configuration list for PBXNativeTarget "DinoIndexing" */ = {
			isa = XCConfigurationList;
			buildConfigurations = (
				661ABC0227BFB90700F0CF83 /* Debug */,
				661ABC0327BFB90700F0CF83 /* Release */,
			);
			defaultConfigurationIsVisible = 0;
			defaultConfigurationName = Release;
		};
/* End XCConfigurationList section */
	};
	rootObject = 661ABBE527BFB90500F0CF83 /* Project object */;
}
